{
  "name": "2025-06-11-kubecon-hk",
  "lockfileVersion": 3,
  "requires": true,
  "packages": {
    "": {
      "name": "2025-06-11-kubecon-hk",
      "devDependencies": {
        "@iconify-json/bi": "^1.2.4",
        "@iconify-json/carbon": "^1.2.8",
        "@iconify-json/devicon": "^1.2.24",
        "@iconify-json/fluent": "^1.2.22",
        "@iconify-json/icon-park-outline": "^1.2.2",
        "@iconify-json/logos": "^1.2.4",
        "@iconify-json/ph": "^1.2.2",
        "@iconify-json/ri": "^1.2.5",
        "@iconify-json/simple-icons": "^1.2.36",
        "@iconify-json/svg-spinners": "^1.2.2",
        "@iconify-json/twemoji": "^1.2.2",
        "@iconify/utils": "^2.3.0",
        "@proj-airi/lobe-icons": "^1.0.7",
        "playwright-chromium": "^1.52.0"
      }
    },
    "node_modules/@antfu/install-pkg": {
      "version": "1.1.0",
      "resolved": "https://registry.npmjs.org/@antfu/install-pkg/-/install-pkg-1.1.0.tgz",
      "integrity": "sha512-MGQsmw10ZyI+EJo45CdSER4zEb+p31LpDAFp2Z3gkSd1yqVZGi0Ebx++YTEMonJy4oChEMLsxZ64j8FH6sSqtQ==",
      "dev": true,
      "license": "MIT",
      "dependencies": {
        "package-manager-detector": "^1.3.0",
        "tinyexec": "^1.0.1"
      },
      "funding": {
        "url": "https://github.com/sponsors/antfu"
      }
    },
    "node_modules/@antfu/utils": {
      "version": "8.1.1",
      "resolved": "https://registry.npmjs.org/@antfu/utils/-/utils-8.1.1.tgz",
      "integrity": "sha512-Mex9nXf9vR6AhcXmMrlz/HVgYYZpVGJ6YlPgwl7UnaFpnshXs6EK/oa5Gpf3CzENMjkvEx2tQtntGnb7UtSTOQ==",
      "dev": true,
      "license": "MIT",
      "funding": {
        "url": "https://github.com/sponsors/antfu"
      }
    },
    "node_modules/@iconify-json/bi": {
      "version": "1.2.7",
      "resolved": "https://registry.npmjs.org/@iconify-json/bi/-/bi-1.2.7.tgz",
      "integrity": "sha512-IPz8WNxmLkH1I9msl+0Q4OnmjjvP4uU0Z61a4i4sqonB6vKSbMGUWuGn8/YuuszlReVj8rf+3gNv5JU8Xoljyg==",
      "dev": true,
      "license": "MIT",
      "dependencies": {
        "@iconify/types": "*"
      }
    },
    "node_modules/@iconify-json/carbon": {
      "version": "1.2.21",
      "resolved": "https://registry.npmjs.org/@iconify-json/carbon/-/carbon-1.2.21.tgz",
      "integrity": "sha512-yCutC5KWR7uiXdCum1MqNrnfUhq118WYhHkUiBux6wekc6UnlVKvIte54AER0B2uEe0wfKxFIMoJqJugjViATQ==",
      "dev": true,
      "license": "Apache-2.0",
      "dependencies": {
        "@iconify/types": "*"
      }
    },
    "node_modules/@iconify-json/devicon": {
      "version": "1.2.62",
      "resolved": "https://registry.npmjs.org/@iconify-json/devicon/-/devicon-1.2.62.tgz",
      "integrity": "sha512-X0o0+fOJL2t5JTbDCGLRzrmvf8Pv5q8dr86+fW+F/VJ9qvXTtny6lqGIwjE9AY4VTLm3i8f/N+VtRheSW6OkEg==",
      "dev": true,
      "license": "MIT",
      "dependencies": {
        "@iconify/types": "*"
      }
    },
    "node_modules/@iconify-json/fluent": {
      "version": "1.2.47",
      "resolved": "https://registry.npmjs.org/@iconify-json/fluent/-/fluent-1.2.47.tgz",
      "integrity": "sha512-YA9pCYNW3bqXMD1rMIkK0vqLK90UyE63hfI1cB2sQwGAbEFhi+VUz5mvcXYfb7bl5R8N5sLZNI2Kr0Q3Yo9M4A==",
      "dev": true,
      "license": "MIT",
      "dependencies": {
        "@iconify/types": "*"
      }
    },
    "node_modules/@iconify-json/icon-park-outline": {
      "version": "1.2.4",
      "resolved": "https://registry.npmjs.org/@iconify-json/icon-park-outline/-/icon-park-outline-1.2.4.tgz",
      "integrity": "sha512-NyZxXe2gD2TbTOyoRRMdtEJhr6i2KQCdDlYYoOn5oZLndQjwpIhw79hzeFhXvP38/o40D3gQ+l+IaSJgbB+0TQ==",
      "dev": true,
      "license": "Apache-2.0",
      "dependencies": {
        "@iconify/types": "*"
      }
    },
    "node_modules/@iconify-json/logos": {
      "version": "1.2.11",
      "resolved": "https://registry.npmjs.org/@iconify-json/logos/-/logos-1.2.11.tgz",
      "integrity": "sha512-fOo4pGEatuyuCFNL+cwquYMa2Im0oJHRHV7lt/Qqs5Ode/lPImHCQcfTtPzZj7qYMPb/h8YHN3TG54uEowrjNQ==",
      "dev": true,
      "license": "CC0-1.0",
      "dependencies": {
        "@iconify/types": "*"
      }
    },
    "node_modules/@iconify-json/ph": {
      "version": "1.2.2",
      "resolved": "https://registry.npmjs.org/@iconify-json/ph/-/ph-1.2.2.tgz",
      "integrity": "sha512-PgkEZNtqa8hBGjHXQa4pMwZa93hmfu8FUSjs/nv4oUU6yLsgv+gh9nu28Kqi8Fz9CCVu4hj1MZs9/60J57IzFw==",
      "dev": true,
      "license": "MIT",
      "dependencies": {
        "@iconify/types": "*"
      }
    },
    "node_modules/@iconify-json/ri": {
      "version": "1.2.10",
      "resolved": "https://registry.npmjs.org/@iconify-json/ri/-/ri-1.2.10.tgz",
      "integrity": "sha512-WWMhoncVVM+Xmu9T5fgu2lhYRrKTEWhKk3Com0KiM111EeEsRLiASjpsFKnC/SrB6covhUp95r2mH8tGxhgd5Q==",
      "dev": true,
      "license": "Apache-2.0",
      "dependencies": {
        "@iconify/types": "*"
      }
    },
    "node_modules/@iconify-json/simple-icons": {
      "version": "1.2.83",
      "resolved": "https://registry.npmjs.org/@iconify-json/simple-icons/-/simple-icons-1.2.83.tgz",
      "integrity": "sha512-6Pp9V++XisT9RKH7FB4RLPqUDzcmLtSma0ovOEIoEWGrXtHwBFsH7oN1z8vvCVCb95fb87QgR46/zRLyN9Y3kg==",
      "dev": true,
      "license": "CC0-1.0",
      "dependencies": {
        "@iconify/types": "*"
      }
    },
    "node_modules/@iconify-json/svg-spinners": {
      "version": "1.2.4",
      "resolved": "https://registry.npmjs.org/@iconify-json/svg-spinners/-/svg-spinners-1.2.4.tgz",
      "integrity": "sha512-ayn0pogFPwJA1WFZpDnoq9/hjDxN+keeCMyThaX4d3gSJ3y0mdKUxIA/b1YXWGtY9wVtZmxwcvOIeEieG4+JNg==",
      "dev": true,
      "license": "MIT",
      "dependencies": {
        "@iconify/types": "*"
      }
    },
    "node_modules/@iconify-json/twemoji": {
      "version": "1.2.5",
      "resolved": "https://registry.npmjs.org/@iconify-json/twemoji/-/twemoji-1.2.5.tgz",
      "integrity": "sha512-uKpuIEV0v6K5BW3Mjdyl+XKFVAbbcPxAgifKvEMtZoUZB5+YiY5zaMm2uNNCxyXzAWU9yNLlj41WU6/mvgALsw==",
      "dev": true,
      "license": "CC-BY-4.0",
      "dependencies": {
        "@iconify/types": "*"
      }
    },
    "node_modules/@iconify/types": {
      "version": "2.0.0",
      "resolved": "https://registry.npmjs.org/@iconify/types/-/types-2.0.0.tgz",
      "integrity": "sha512-+wluvCrRhXrhyOmRDJ3q8mux9JkKy5SJ/v8ol2tu4FVjyYvtEzkc/3pK15ET6RKg4b4w4BmTk1+gsCUhf21Ykg==",
      "dev": true,
      "license": "MIT"
    },
    "node_modules/@iconify/utils": {
      "version": "2.3.0",
      "resolved": "https://registry.npmjs.org/@iconify/utils/-/utils-2.3.0.tgz",
      "integrity": "sha512-GmQ78prtwYW6EtzXRU1rY+KwOKfz32PD7iJh6Iyqw68GiKuoZ2A6pRtzWONz5VQJbp50mEjXh/7NkumtrAgRKA==",
      "dev": true,
      "license": "MIT",
      "dependencies": {
        "@antfu/install-pkg": "^1.0.0",
        "@antfu/utils": "^8.1.0",
        "@iconify/types": "^2.0.0",
        "debug": "^4.4.0",
        "globals": "^15.14.0",
        "kolorist": "^1.8.0",
        "local-pkg": "^1.0.0",
        "mlly": "^1.7.4"
      }
    },
    "node_modules/@proj-airi/lobe-icons": {
      "version": "1.0.19",
      "resolved": "https://registry.npmjs.org/@proj-airi/lobe-icons/-/lobe-icons-1.0.19.tgz",
      "integrity": "sha512-hBB/MUYqzckzMXYDLZ7/4HRuldqEvLKhMzTcVPLUOdXR0sn9y4vk+k14tynwgeePCrUKSUTP/bnPdETqvWJzqw==",
      "dev": true,
      "license": "MIT",
      "dependencies": {
        "@iconify/types": "^2.0.0"
      }
    },
    "node_modules/acorn": {
      "version": "8.16.0",
      "resolved": "https://registry.npmjs.org/acorn/-/acorn-8.16.0.tgz",
      "integrity": "sha512-UVJyE9MttOsBQIDKw1skb9nAwQuR5wuGD3+82K6JgJlm/Y+KI92oNsMNGZCYdDsVtRHSak0pcV5Dno5+4jh9sw==",
      "dev": true,
      "license": "MIT",
      "bin": {
        "acorn": "bin/acorn"
      },
      "engines": {
        "node": ">=0.4.0"
      }
    },
    "node_modules/confbox": {
      "version": "0.2.4",
      "resolved": "https://registry.npmjs.org/confbox/-/confbox-0.2.4.tgz",
      "integrity": "sha512-ysOGlgTFbN2/Y6Cg3Iye8YKulHw+R2fNXHrgSmXISQdMnomY6eNDprVdW9R5xBguEqI954+S6709UyiO7B+6OQ==",
      "dev": true,
      "license": "MIT"
    },
    "node_modules/debug": {
      "version": "4.4.3",
      "resolved": "https://registry.npmjs.org/debug/-/debug-4.4.3.tgz",
      "integrity": "sha512-RGwwWnwQvkVfavKVt22FGLw+xYSdzARwm0ru6DhTVA3umU5hZc28V3kO4stgYryrTlLpuvgI9GiijltAjNbcqA==",
      "dev": true,
      "license": "MIT",
      "dependencies": {
        "ms": "^2.1.3"
      },
      "engines": {
        "node": ">=6.0"
      },
      "peerDependenciesMeta": {
        "supports-color": {
          "optional": true
        }
      }
    },
    "node_modules/exsolve": {
      "version": "1.0.8",
      "resolved": "https://registry.npmjs.org/exsolve/-/exsolve-1.0.8.tgz",
      "integrity": "sha512-LmDxfWXwcTArk8fUEnOfSZpHOJ6zOMUJKOtFLFqJLoKJetuQG874Uc7/Kki7zFLzYybmZhp1M7+98pfMqeX8yA==",
      "dev": true,
      "license": "MIT"
    },
    "node_modules/globals": {
      "version": "15.15.0",
      "resolved": "https://registry.npmjs.org/globals/-/globals-15.15.0.tgz",
      "integrity": "sha512-7ACyT3wmyp3I61S4fG682L0VA2RGD9otkqGJIwNUMF1SWUombIIk+af1unuDYgMm082aHYwD+mzJvv9Iu8dsgg==",
      "dev": true,
      "license": "MIT",
      "engines": {
        "node": ">=18"
      },
      "funding": {
        "url": "https://github.com/sponsors/sindresorhus"
      }
    },
    "node_modules/kolorist": {
      "version": "1.8.0",
      "resolved": "https://registry.npmjs.org/kolorist/-/kolorist-1.8.0.tgz",
      "integrity": "sha512-Y+60/zizpJ3HRH8DCss+q95yr6145JXZo46OTpFvDZWLfRCE4qChOyk1b26nMaNpfHHgxagk9dXT5OP0Tfe+dQ==",
      "dev": true,
      "license": "MIT"
    },
    "node_modules/local-pkg": {
      "version": "1.2.1",
      "resolved": "https://registry.npmjs.org/local-pkg/-/local-pkg-1.2.1.tgz",
      "integrity": "sha512-++gUqRDEvcnN6Zhqrr+y/CkVEHhlrR96vZn3nZZPYzMcBUyBtTKzB9NadClFIsIVSsu+3i9tfk/erqy9kAmt7Q==",
      "dev": true,
      "license": "MIT",
      "dependencies": {
        "mlly": "^1.7.4",
        "pkg-types": "^2.3.0",
        "quansync": "^0.2.11"
      },
      "engines": {
        "node": ">=14"
      },
      "funding": {
        "url": "https://github.com/sponsors/antfu"
      }
    },
    "node_modules/mlly": {
      "version": "1.8.2",
      "resolved": "https://registry.npmjs.org/mlly/-/mlly-1.8.2.tgz",
      "integrity": "sha512-d+ObxMQFmbt10sretNDytwt85VrbkhhUA/JBGm1MPaWJ65Cl4wOgLaB1NYvJSZ0Ef03MMEU/0xpPMXUIQ29UfA==",
      "dev": true,
      "license": "MIT",
      "dependencies": {
        "acorn": "^8.16.0",
        "pathe": "^2.0.3",
        "pkg-types": "^1.3.1",
        "ufo": "^1.6.3"
      }
    },
    "node_modules/mlly/node_modules/confbox": {
      "version": "0.1.8",
      "resolved": "https://registry.npmjs.org/confbox/-/confbox-0.1.8.tgz",
      "integrity": "sha512-RMtmw0iFkeR4YV+fUOSucriAQNb9g8zFR52MWCtl+cCZOFRNL6zeB395vPzFhEjjn4fMxXudmELnl/KF/WrK6w==",
      "dev": true,
      "license": "MIT"
    },
    "node_modules/mlly/node_modules/pkg-types": {
      "version": "1.3.1",
      "resolved": "https://registry.npmjs.org/pkg-types/-/pkg-types-1.3.1.tgz",
      "integrity": "sha512-/Jm5M4RvtBFVkKWRu2BLUTNP8/M2a+UwuAX+ae4770q1qVGtfjG+WTCupoZixokjmHiry8uI+dlY8KXYV5HVVQ==",
      "dev": true,
      "license": "MIT",
      "dependencies": {
        "confbox": "^0.1.8",
        "mlly": "^1.7.4",
        "pathe": "^2.0.1"
      }
    },
    "node_modules/ms": {
      "version": "2.1.3",
      "resolved": "https://registry.npmjs.org/ms/-/ms-2.1.3.tgz",
      "integrity": "sha512-6FlzubTLZG3J2a/NVCAleEhjzq5oxgHyaCU9yYXvcLsvoVaHJq/s5xXI6/XXP6tz7R9xAOtHnSO/tXtF3WRTlA==",
      "dev": true,
      "license": "MIT"
    },
    "node_modules/package-manager-detector": {
      "version": "1.6.0",
      "resolved": "https://registry.npmjs.org/package-manager-detector/-/package-manager-detector-1.6.0.tgz",
      "integrity": "sha512-61A5ThoTiDG/C8s8UMZwSorAGwMJ0ERVGj2OjoW5pAalsNOg15+iQiPzrLJ4jhZ1HJzmC2PIHT2oEiH3R5fzNA==",
      "dev": true,
      "license": "MIT"
    },
    "node_modules/pathe": {
      "version": "2.0.3",
      "resolved": "https://registry.npmjs.org/pathe/-/pathe-2.0.3.tgz",
      "integrity": "sha512-WUjGcAqP1gQacoQe+OBJsFA7Ld4DyXuUIjZ5cc75cLHvJ7dtNsTugphxIADwspS+AraAUePCKrSVtPLFj/F88w==",
      "dev": true,
      "license": "MIT"
    },
    "node_modules/pkg-types": {
      "version": "2.3.1",
      "resolved": "https://registry.npmjs.org/pkg-types/-/pkg-types-2.3.1.tgz",
      "integrity": "sha512-y+ichcgc2LrADuhLNAx8DFjVfgz91pRxfZdI3UDhxHvcVEZsenLO+7XaU5vOp0u/7V/wZ+plyuQxtrDlZJ+yeg==",
      "dev": true,
      "license": "MIT",
      "dependencies": {
        "confbox": "^0.2.4",
        "exsolve": "^1.0.8",
        "pathe": "^2.0.3"
      }
    },
    "node_modules/playwright-chromium": {
      "version": "1.60.0",
      "resolved": "https://registry.npmjs.org/playwright-chromium/-/playwright-chromium-1.60.0.tgz",
      "integrity": "sha512-xxz9pc2HIxQW/Qg9ijG2fZOHRT//KhLo0KfvJRa45YYRrcA7ZONoilgJR40SW5pmecb6HkuROaeViXoCaXTZyQ==",
      "dev": true,
      "hasInstallScript": true,
      "license": "Apache-2.0",
      "dependencies": {
        "playwright-core": "1.60.0"
      },
      "bin": {
        "playwright": "cli.js"
      },
      "engines": {
        "node": ">=18"
      }
    },
    "node_modules/playwright-core": {
      "version": "1.60.0",
      "resolved": "https://registry.npmjs.org/playwright-core/-/playwright-core-1.60.0.tgz",
      "integrity": "sha512-9bW6zvX/m0lEbgTKJ6YppOKx8H3VOPBMOCFh2irXFOT4BbHgrx5hPjwJYLT40Lu+4qtD36qKc/Hn56StUW57IA==",
      "dev": true,
      "license": "Apache-2.0",
      "bin": {
        "playwright-core": "cli.js"
      },
      "engines": {
        "node": ">=18"
      }
    },
    "node_modules/quansync": {
      "version": "0.2.11",
      "resolved": "https://registry.npmjs.org/quansync/-/quansync-0.2.11.tgz",
      "integrity": "sha512-AifT7QEbW9Nri4tAwR5M/uzpBuqfZf+zwaEM/QkzEjj7NBuFD2rBuy0K3dE+8wltbezDV7JMA0WfnCPYRSYbXA==",
      "dev": true,
      "funding": [
        {
          "type": "individual",
          "url": "https://github.com/sponsors/antfu"
        },
        {
          "type": "individual",
          "url": "https://github.com/sponsors/sxzz"
        }
      ],
      "license": "MIT"
    },
    "node_modules/tinyexec": {
      "version": "1.1.2",
      "resolved": "https://registry.npmjs.org/tinyexec/-/tinyexec-1.1.2.tgz",
      "integrity": "sha512-dAqSqE/RabpBKI8+h26GfLq6Vb3JVXs30XYQjdMjaj/c2tS8IYYMbIzP599KtRj7c57/wYApb3QjgRgXmrCukA==",
      "dev": true,
      "license": "MIT",
      "engines": {
        "node": ">=18"
      }
    },
    "node_modules/ufo": {
      "version": "1.6.4",
      "resolved": "https://registry.npmjs.org/ufo/-/ufo-1.6.4.tgz",
      "integrity": "sha512-JFNbkD1Svwe0KvGi8GOeLcP4kAWQ609twvCdcHxq1oSL8svv39ZuSvajcD8B+5D0eL4+s1Is2D/O6KN3qcTeRA==",
      "dev": true,
      "license": "MIT"
    }
  }
}
